
Microsoft Visual Studio Solution File, Format Version 12.00
# Visual Studio 2013
VisualStudioVersion = 12.0.30501.0
MinimumVisualStudioVersion = 10.0.40219.1
Project("{FAE04EC0-301F-11D3-BF4B-00C04F79EFBC}") = "AvsAnTrie", "AvsAnTrie.csproj", "{41D551C9-7343-455A-ABC4-26C02D41855E}"
EndProject
Project("{F2A71F9B-5D33-465A-A702-920D77279786}") = "WikiParserFs", "..\WikiParserFs\WikiParserFs.fsproj", "{15A9A3F6-1A48-4DCF-B098-D18B4C2BD440}"
EndProject
Project("{FAE04EC0-301F-11D3-BF4B-00C04F79EFBC}") = "EmnExtensions", "..\..\EmnExtensions\EmnExtensions.csproj", "{2F0A3E48-CD06-43BB-BFC6-6B6F568232B9}"
EndProject
Project("{8BC9CEB8-8B4A-11D0-8D11-00A0C91BC942}") = "EmnExtensionsNative", "..\..\EmnExtensionsNative\EmnExtensionsNative.vcxproj", "{7CBC6D31-2104-4A4B-9FC2-D731E30103F5}"
EndProject
Project("{FAE04EC0-301F-11D3-BF4B-00C04F79EFBC}") = "EmnExtensionsWpf", "..\..\EmnExtensionsWpf\EmnExtensionsWpf.csproj", "{F50CC07F-68F1-455A-BE8D-A64D827F1A5C}"
EndProject
Global
	GlobalSection(SolutionConfigurationPlatforms) = preSolution
		Debug|Any CPU = Debug|Any CPU
		Debug|Mixed Platforms = Debug|Mixed Platforms
		Debug|Win32 = Debug|Win32
		Debug|X64 = Debug|X64
		Debug|x86 = Debug|x86
		Release|Any CPU = Release|Any CPU
		Release|Mixed Platforms = Release|Mixed Platforms
		Release|Win32 = Release|Win32
		Release|X64 = Release|X64
		Release|x86 = Release|x86
		Release2|Any CPU = Release2|Any CPU
		Release2|Mixed Platforms = Release2|Mixed Platforms
		Release2|Win32 = Release2|Win32
		Release2|X64 = Release2|X64
		Release2|x86 = Release2|x86
	EndGlobalSection
	GlobalSection(ProjectConfigurationPlatforms) = postSolution
		{41D551C9-7343-455A-ABC4-26C02D41855E}.Debug|Any CPU.ActiveCfg = Debug|Any CPU
		{41D551C9-7343-455A-ABC4-26C02D41855E}.Debug|Any CPU.Build.0 = Debug|Any CPU
		{41D551C9-7343-455A-ABC4-26C02D41855E}.Debug|Mixed Platforms.ActiveCfg = Debug|x86
		{41D551C9-7343-455A-ABC4-26C02D41855E}.Debug|Mixed Platforms.Build.0 = Debug|x86
		{41D551C9-7343-455A-ABC4-26C02D41855E}.Debug|Win32.ActiveCfg = Debug|x86
		{41D551C9-7343-455A-ABC4-26C02D41855E}.Debug|Win32.Build.0 = Debug|x86
		{41D551C9-7343-455A-ABC4-26C02D41855E}.Debug|X64.ActiveCfg = Debug|Any CPU
		{41D551C9-7343-455A-ABC4-26C02D41855E}.Debug|X64.Build.0 = Debug|Any CPU
		{41D551C9-7343-455A-ABC4-26C02D41855E}.Debug|x86.ActiveCfg = Debug|x86
		{41D551C9-7343-455A-ABC4-26C02D41855E}.Debug|x86.Build.0 = Debug|x86
		{41D551C9-7343-455A-ABC4-26C02D41855E}.Release|Any CPU.ActiveCfg = Release|Any CPU
		{41D551C9-7343-455A-ABC4-26C02D41855E}.Release|Any CPU.Build.0 = Release|Any CPU
		{41D551C9-7343-455A-ABC4-26C02D41855E}.Release|Mixed Platforms.ActiveCfg = Release|x86
		{41D551C9-7343-455A-ABC4-26C02D41855E}.Release|Mixed Platforms.Build.0 = Release|x86
		{41D551C9-7343-455A-ABC4-26C02D41855E}.Release|Win32.ActiveCfg = Release|x86
		{41D551C9-7343-455A-ABC4-26C02D41855E}.Release|Win32.Build.0 = Release|x86
		{41D551C9-7343-455A-ABC4-26C02D41855E}.Release|X64.ActiveCfg = Release|Any CPU
		{41D551C9-7343-455A-ABC4-26C02D41855E}.Release|x86.ActiveCfg = Release|x86
		{41D551C9-7343-455A-ABC4-26C02D41855E}.Release|x86.Build.0 = Release|x86
		{41D551C9-7343-455A-ABC4-26C02D41855E}.Release2|Any CPU.ActiveCfg = Release2|Any CPU
		{41D551C9-7343-455A-ABC4-26C02D41855E}.Release2|Any CPU.Build.0 = Release2|Any CPU
		{41D551C9-7343-455A-ABC4-26C02D41855E}.Release2|Mixed Platforms.ActiveCfg = Release2|x86
		{41D551C9-7343-455A-ABC4-26C02D41855E}.Release2|Mixed Platforms.Build.0 = Release2|x86
		{41D551C9-7343-455A-ABC4-26C02D41855E}.Release2|Win32.ActiveCfg = Release2|x86
		{41D551C9-7343-455A-ABC4-26C02D41855E}.Release2|Win32.Build.0 = Release2|x86
		{41D551C9-7343-455A-ABC4-26C02D41855E}.Release2|X64.ActiveCfg = Release2|Any CPU
		{41D551C9-7343-455A-ABC4-26C02D41855E}.Release2|x86.ActiveCfg = Release2|x86
		{41D551C9-7343-455A-ABC4-26C02D41855E}.Release2|x86.Build.0 = Release2|x86
		{15A9A3F6-1A48-4DCF-B098-D18B4C2BD440}.Debug|Any CPU.ActiveCfg = Debug|x86
		{15A9A3F6-1A48-4DCF-B098-D18B4C2BD440}.Debug|Mixed Platforms.ActiveCfg = Debug|x86
		{15A9A3F6-1A48-4DCF-B098-D18B4C2BD440}.Debug|Mixed Platforms.Build.0 = Debug|x86
		{15A9A3F6-1A48-4DCF-B098-D18B4C2BD440}.Debug|Win32.ActiveCfg = Debug|x86
		{15A9A3F6-1A48-4DCF-B098-D18B4C2BD440}.Debug|Win32.Build.0 = Debug|x86
		{15A9A3F6-1A48-4DCF-B098-D18B4C2BD440}.Debug|X64.ActiveCfg = Debug|Any CPU
		{15A9A3F6-1A48-4DCF-B098-D18B4C2BD440}.Debug|X64.Build.0 = Debug|Any CPU
		{15A9A3F6-1A48-4DCF-B098-D18B4C2BD440}.Debug|x86.ActiveCfg = Debug|x86
		{15A9A3F6-1A48-4DCF-B098-D18B4C2BD440}.Debug|x86.Build.0 = Debug|x86
		{15A9A3F6-1A48-4DCF-B098-D18B4C2BD440}.Release|Any CPU.ActiveCfg = Release|Any CPU
		{15A9A3F6-1A48-4DCF-B098-D18B4C2BD440}.Release|Any CPU.Build.0 = Release|Any CPU
		{15A9A3F6-1A48-4DCF-B098-D18B4C2BD440}.Release|Mixed Platforms.ActiveCfg = Release|x86
		{15A9A3F6-1A48-4DCF-B098-D18B4C2BD440}.Release|Mixed Platforms.Build.0 = Release|x86
		{15A9A3F6-1A48-4DCF-B098-D18B4C2BD440}.Release|Win32.ActiveCfg = Release|x86
		{15A9A3F6-1A48-4DCF-B098-D18B4C2BD440}.Release|Win32.Build.0 = Release|x86
		{15A9A3F6-1A48-4DCF-B098-D18B4C2BD440}.Release|X64.ActiveCfg = Release|Any CPU
		{15A9A3F6-1A48-4DCF-B098-D18B4C2BD440}.Release|x86.ActiveCfg = Release|x86
		{15A9A3F6-1A48-4DCF-B098-D18B4C2BD440}.Release|x86.Build.0 = Release|x86
		{15A9A3F6-1A48-4DCF-B098-D18B4C2BD440}.Release2|Any CPU.ActiveCfg = Release|x86
		{15A9A3F6-1A48-4DCF-B098-D18B4C2BD440}.Release2|Mixed Platforms.ActiveCfg = Release|x86
		{15A9A3F6-1A48-4DCF-B098-D18B4C2BD440}.Release2|Mixed Platforms.Build.0 = Release|x86
		{15A9A3F6-1A48-4DCF-B098-D18B4C2BD440}.Release2|Win32.ActiveCfg = Release|x86
		{15A9A3F6-1A48-4DCF-B098-D18B4C2BD440}.Release2|Win32.Build.0 = Release|x86
		{15A9A3F6-1A48-4DCF-B098-D18B4C2BD440}.Release2|X64.ActiveCfg = Release|Any CPU
		{15A9A3F6-1A48-4DCF-B098-D18B4C2BD440}.Release2|x86.ActiveCfg = Release|x86
		{15A9A3F6-1A48-4DCF-B098-D18B4C2BD440}.Release2|x86.Build.0 = Release|x86
		{2F0A3E48-CD06-43BB-BFC6-6B6F568232B9}.Debug|Any CPU.ActiveCfg = Debug|Any CPU
		{2F0A3E48-CD06-43BB-BFC6-6B6F568232B9}.Debug|Any CPU.Build.0 = Debug|Any CPU
		{2F0A3E48-CD06-43BB-BFC6-6B6F568232B9}.Debug|Mixed Platforms.ActiveCfg = Debug|Any CPU
		{2F0A3E48-CD06-43BB-BFC6-6B6F568232B9}.Debug|Mixed Platforms.Build.0 = Debug|Any CPU
		{2F0A3E48-CD06-43BB-BFC6-6B6F568232B9}.Debug|Win32.ActiveCfg = Debug|Any CPU
		{2F0A3E48-CD06-43BB-BFC6-6B6F568232B9}.Debug|X64.ActiveCfg = Debug|Any CPU
		{2F0A3E48-CD06-43BB-BFC6-6B6F568232B9}.Debug|X64.Build.0 = Debug|Any CPU
		{2F0A3E48-CD06-43BB-BFC6-6B6F568232B9}.Debug|x86.ActiveCfg = Debug|Any CPU
		{2F0A3E48-CD06-43BB-BFC6-6B6F568232B9}.Release|Any CPU.ActiveCfg = Release|Any CPU
		{2F0A3E48-CD06-43BB-BFC6-6B6F568232B9}.Release|Any CPU.Build.0 = Release|Any CPU
		{2F0A3E48-CD06-43BB-BFC6-6B6F568232B9}.Release|Mixed Platforms.ActiveCfg = Release|Any CPU
		{2F0A3E48-CD06-43BB-BFC6-6B6F568232B9}.Release|Mixed Platforms.Build.0 = Release|Any CPU
		{2F0A3E48-CD06-43BB-BFC6-6B6F568232B9}.Release|Win32.ActiveCfg = Release|Any CPU
		{2F0A3E48-CD06-43BB-BFC6-6B6F568232B9}.Release|X64.ActiveCfg = Release|Any CPU
		{2F0A3E48-CD06-43BB-BFC6-6B6F568232B9}.Release|x86.ActiveCfg = Release|Any CPU
		{2F0A3E48-CD06-43BB-BFC6-6B6F568232B9}.Release2|Any CPU.ActiveCfg = Release|Any CPU
		{2F0A3E48-CD06-43BB-BFC6-6B6F568232B9}.Release2|Any CPU.Build.0 = Release|Any CPU
		{2F0A3E48-CD06-43BB-BFC6-6B6F568232B9}.Release2|Mixed Platforms.ActiveCfg = Release|Any CPU
		{2F0A3E48-CD06-43BB-BFC6-6B6F568232B9}.Release2|Mixed Platforms.Build.0 = Release|Any CPU
		{2F0A3E48-CD06-43BB-BFC6-6B6F568232B9}.Release2|Win32.ActiveCfg = Release|Any CPU
		{2F0A3E48-CD06-43BB-BFC6-6B6F568232B9}.Release2|X64.ActiveCfg = Release|Any CPU
		{2F0A3E48-CD06-43BB-BFC6-6B6F568232B9}.Release2|x86.ActiveCfg = Release|Any CPU
		{7CBC6D31-2104-4A4B-9FC2-D731E30103F5}.Debug|Any CPU.ActiveCfg = Debug|Win32
		{7CBC6D31-2104-4A4B-9FC2-D731E30103F5}.Debug|Mixed Platforms.ActiveCfg = Debug|Win32
		{7CBC6D31-2104-4A4B-9FC2-D731E30103F5}.Debug|Mixed Platforms.Build.0 = Debug|Win32
		{7CBC6D31-2104-4A4B-9FC2-D731E30103F5}.Debug|Win32.ActiveCfg = Debug|Win32
		{7CBC6D31-2104-4A4B-9FC2-D731E30103F5}.Debug|Win32.Build.0 = Debug|Win32
		{7CBC6D31-2104-4A4B-9FC2-D731E30103F5}.Debug|X64.ActiveCfg = Debug|X64
		{7CBC6D31-2104-4A4B-9FC2-D731E30103F5}.Debug|X64.Build.0 = Debug|X64
		{7CBC6D31-2104-4A4B-9FC2-D731E30103F5}.Debug|x86.ActiveCfg = Debug|Win32
		{7CBC6D31-2104-4A4B-9FC2-D731E30103F5}.Debug|x86.Build.0 = Debug|Win32
		{7CBC6D31-2104-4A4B-9FC2-D731E30103F5}.Release|Any CPU.ActiveCfg = Release|Win32
		{7CBC6D31-2104-4A4B-9FC2-D731E30103F5}.Release|Mixed Platforms.ActiveCfg = Release|Win32
		{7CBC6D31-2104-4A4B-9FC2-D731E30103F5}.Release|Mixed Platforms.Build.0 = Release|Win32
		{7CBC6D31-2104-4A4B-9FC2-D731E30103F5}.Release|Win32.ActiveCfg = Release|Win32
		{7CBC6D31-2104-4A4B-9FC2-D731E30103F5}.Release|Win32.Build.0 = Release|Win32
		{7CBC6D31-2104-4A4B-9FC2-D731E30103F5}.Release|X64.ActiveCfg = Release|X64
		{7CBC6D31-2104-4A4B-9FC2-D731E30103F5}.Release|X64.Build.0 = Release|X64
		{7CBC6D31-2104-4A4B-9FC2-D731E30103F5}.Release|x86.ActiveCfg = Release|Win32
		{7CBC6D31-2104-4A4B-9FC2-D731E30103F5}.Release|x86.Build.0 = Release|Win32
		{7CBC6D31-2104-4A4B-9FC2-D731E30103F5}.Release2|Any CPU.ActiveCfg = Release|Win32
		{7CBC6D31-2104-4A4B-9FC2-D731E30103F5}.Release2|Mixed Platforms.ActiveCfg = Release|Win32
		{7CBC6D31-2104-4A4B-9FC2-D731E30103F5}.Release2|Mixed Platforms.Build.0 = Release|Win32
		{7CBC6D31-2104-4A4B-9FC2-D731E30103F5}.Release2|Win32.ActiveCfg = Release|Win32
		{7CBC6D31-2104-4A4B-9FC2-D731E30103F5}.Release2|Win32.Build.0 = Release|Win32
		{7CBC6D31-2104-4A4B-9FC2-D731E30103F5}.Release2|X64.ActiveCfg = Release|X64
		{7CBC6D31-2104-4A4B-9FC2-D731E30103F5}.Release2|X64.Build.0 = Release|X64
		{7CBC6D31-2104-4A4B-9FC2-D731E30103F5}.Release2|x86.ActiveCfg = Release|Win32
		{7CBC6D31-2104-4A4B-9FC2-D731E30103F5}.Release2|x86.Build.0 = Release|Win32
		{F50CC07F-68F1-455A-BE8D-A64D827F1A5C}.Debug|Any CPU.ActiveCfg = Debug|Any CPU
		{F50CC07F-68F1-455A-BE8D-A64D827F1A5C}.Debug|Any CPU.Build.0 = Debug|Any CPU
		{F50CC07F-68F1-455A-BE8D-A64D827F1A5C}.Debug|Mixed Platforms.ActiveCfg = Debug|x86
		{F50CC07F-68F1-455A-BE8D-A64D827F1A5C}.Debug|Mixed Platforms.Build.0 = Debug|x86
		{F50CC07F-68F1-455A-BE8D-A64D827F1A5C}.Debug|Win32.ActiveCfg = Debug|x86
		{F50CC07F-68F1-455A-BE8D-A64D827F1A5C}.Debug|Win32.Build.0 = Debug|x86
		{F50CC07F-68F1-455A-BE8D-A64D827F1A5C}.Debug|X64.ActiveCfg = Debug|x64
		{F50CC07F-68F1-455A-BE8D-A64D827F1A5C}.Debug|X64.Build.0 = Debug|x64
		{F50CC07F-68F1-455A-BE8D-A64D827F1A5C}.Debug|x86.ActiveCfg = Debug|x86
		{F50CC07F-68F1-455A-BE8D-A64D827F1A5C}.Debug|x86.Build.0 = Debug|x86
		{F50CC07F-68F1-455A-BE8D-A64D827F1A5C}.Release|Any CPU.ActiveCfg = Release|Any CPU
		{F50CC07F-68F1-455A-BE8D-A64D827F1A5C}.Release|Any CPU.Build.0 = Release|Any CPU
		{F50CC07F-68F1-455A-BE8D-A64D827F1A5C}.Release|Mixed Platforms.ActiveCfg = Release|x86
		{F50CC07F-68F1-455A-BE8D-A64D827F1A5C}.Release|Mixed Platforms.Build.0 = Release|x86
		{F50CC07F-68F1-455A-BE8D-A64D827F1A5C}.Release|Win32.ActiveCfg = Release|x86
		{F50CC07F-68F1-455A-BE8D-A64D827F1A5C}.Release|Win32.Build.0 = Release|x86
		{F50CC07F-68F1-455A-BE8D-A64D827F1A5C}.Release|X64.ActiveCfg = Release|x64
		{F50CC07F-68F1-455A-BE8D-A64D827F1A5C}.Release|X64.Build.0 = Release|x64
		{F50CC07F-68F1-455A-BE8D-A64D827F1A5C}.Release|x86.ActiveCfg = Release|x86
		{F50CC07F-68F1-455A-BE8D-A64D827F1A5C}.Release|x86.Build.0 = Release|x86
		{F50CC07F-68F1-455A-BE8D-A64D827F1A5C}.Release2|Any CPU.ActiveCfg = Release|Any CPU
		{F50CC07F-68F1-455A-BE8D-A64D827F1A5C}.Release2|Any CPU.Build.0 = Release|Any CPU
		{F50CC07F-68F1-455A-BE8D-A64D827F1A5C}.Release2|Mixed Platforms.ActiveCfg = Release|x86
		{F50CC07F-68F1-455A-BE8D-A64D827F1A5C}.Release2|Mixed Platforms.Build.0 = Release|x86
		{F50CC07F-68F1-455A-BE8D-A64D827F1A5C}.Release2|Win32.ActiveCfg = Release|x86
		{F50CC07F-68F1-455A-BE8D-A64D827F1A5C}.Release2|Win32.Build.0 = Release|x86
		{F50CC07F-68F1-455A-BE8D-A64D827F1A5C}.Release2|X64.ActiveCfg = Release|x64
		{F50CC07F-68F1-455A-BE8D-A64D827F1A5C}.Release2|X64.Build.0 = Release|x64
		{F50CC07F-68F1-455A-BE8D-A64D827F1A5C}.Release2|x86.ActiveCfg = Release|x86
		{F50CC07F-68F1-455A-BE8D-A64D827F1A5C}.Release2|x86.Build.0 = Release|x86
	EndGlobalSection
	GlobalSection(SolutionProperties) = preSolution
		HideSolutionNode = FALSE
	EndGlobalSection
EndGlobal
