
Microsoft Visual Studio Solution File, Format Version 12.00
# Visual Studio 14
VisualStudioVersion = 14.0.24720.0
MinimumVisualStudioVersion = 10.0.40219.1
Project("{FAE04EC0-301F-11D3-BF4B-00C04F79EFBC}") = "AvsAn", "A-vs-An-DotNet\AvsAn.csproj", "{CB925C3D-7ECE-48DE-AA24-A3FA2D00159E}"
EndProject
Project("{FAE04EC0-301F-11D3-BF4B-00C04F79EFBC}") = "AvsAn-Test", "AvsAn-Test\AvsAn-Test.csproj", "{64F4736B-7037-4F2C-B8D9-0B2DB7313E0B}"
EndProject
Project("{2150E333-8FDC-42A3-9474-1A3956D46DE8}") = ".nuget", ".nuget", "{EBF2D8F7-19A1-4F40-BAB9-17A850811ACC}"
	ProjectSection(SolutionItems) = preProject
		.nuget\NuGet.Config = .nuget\NuGet.Config
	EndProjectSection
EndProject
Project("{FAE04EC0-301F-11D3-BF4B-00C04F79EFBC}") = "AvsAn-JsDemo", "AvsAn-JsDemo\AvsAn-JsDemo.csproj", "{C60ED821-A93B-45E1-9B2E-8E4C17AB0A7F}"
EndProject
Project("{2150E333-8FDC-42A3-9474-1A3956D46DE8}") = "Solution Items", "Solution Items", "{80E21813-AD4B-42DC-9ADD-BA5BE20CD006}"
	ProjectSection(SolutionItems) = preProject
		ConvertToInlineDict.fsx = ConvertToInlineDict.fsx
		Performance2.psess = Performance2.psess
		Performance3.psess = Performance3.psess
		..\README.md = ..\README.md
	EndProjectSection
EndProject
Project("{FAE04EC0-301F-11D3-BF4B-00C04F79EFBC}") = "PerfTest", "PerfTest\PerfTest.csproj", "{7350BDA2-DBB9-4334-A488-0867145E83DB}"
EndProject
Project("{FAE04EC0-301F-11D3-BF4B-00C04F79EFBC}") = "WikipediaAvsAnTrieExtractor", "WikipediaAvsAnTrieExtractor\WikipediaAvsAnTrieExtractor.csproj", "{41D551C9-7343-455A-ABC4-26C02D41855E}"
EndProject
Project("{FAE04EC0-301F-11D3-BF4B-00C04F79EFBC}") = "WikipediaAvsAnTrieExtractorTest", "WikipediaAvsAnTrieExtractorTest\WikipediaAvsAnTrieExtractorTest.csproj", "{B9F04F75-29C5-4608-814F-AC49A05550C9}"
EndProject
Global
	GlobalSection(Performance) = preSolution
		HasPerformanceSessions = true
	EndGlobalSection
	GlobalSection(SolutionConfigurationPlatforms) = preSolution
		Debug|Any CPU = Debug|Any CPU
		Release|Any CPU = Release|Any CPU
	EndGlobalSection
	GlobalSection(ProjectConfigurationPlatforms) = postSolution
		{CB925C3D-7ECE-48DE-AA24-A3FA2D00159E}.Debug|Any CPU.ActiveCfg = Debug|Any CPU
		{CB925C3D-7ECE-48DE-AA24-A3FA2D00159E}.Debug|Any CPU.Build.0 = Debug|Any CPU
		{CB925C3D-7ECE-48DE-AA24-A3FA2D00159E}.Release|Any CPU.ActiveCfg = Release|Any CPU
		{CB925C3D-7ECE-48DE-AA24-A3FA2D00159E}.Release|Any CPU.Build.0 = Release|Any CPU
		{64F4736B-7037-4F2C-B8D9-0B2DB7313E0B}.Debug|Any CPU.ActiveCfg = Debug|Any CPU
		{64F4736B-7037-4F2C-B8D9-0B2DB7313E0B}.Debug|Any CPU.Build.0 = Debug|Any CPU
		{64F4736B-7037-4F2C-B8D9-0B2DB7313E0B}.Release|Any CPU.ActiveCfg = Release|Any CPU
		{64F4736B-7037-4F2C-B8D9-0B2DB7313E0B}.Release|Any CPU.Build.0 = Release|Any CPU
		{C60ED821-A93B-45E1-9B2E-8E4C17AB0A7F}.Debug|Any CPU.ActiveCfg = Debug|Any CPU
		{C60ED821-A93B-45E1-9B2E-8E4C17AB0A7F}.Debug|Any CPU.Build.0 = Debug|Any CPU
		{C60ED821-A93B-45E1-9B2E-8E4C17AB0A7F}.Release|Any CPU.ActiveCfg = Release|Any CPU
		{C60ED821-A93B-45E1-9B2E-8E4C17AB0A7F}.Release|Any CPU.Build.0 = Release|Any CPU
		{7350BDA2-DBB9-4334-A488-0867145E83DB}.Debug|Any CPU.ActiveCfg = Debug|Any CPU
		{7350BDA2-DBB9-4334-A488-0867145E83DB}.Debug|Any CPU.Build.0 = Debug|Any CPU
		{7350BDA2-DBB9-4334-A488-0867145E83DB}.Release|Any CPU.ActiveCfg = Release|Any CPU
		{7350BDA2-DBB9-4334-A488-0867145E83DB}.Release|Any CPU.Build.0 = Release|Any CPU
		{41D551C9-7343-455A-ABC4-26C02D41855E}.Debug|Any CPU.ActiveCfg = Debug|Any CPU
		{41D551C9-7343-455A-ABC4-26C02D41855E}.Debug|Any CPU.Build.0 = Debug|Any CPU
		{41D551C9-7343-455A-ABC4-26C02D41855E}.Release|Any CPU.ActiveCfg = Release|Any CPU
		{41D551C9-7343-455A-ABC4-26C02D41855E}.Release|Any CPU.Build.0 = Release|Any CPU
		{B9F04F75-29C5-4608-814F-AC49A05550C9}.Debug|Any CPU.ActiveCfg = Debug|Any CPU
		{B9F04F75-29C5-4608-814F-AC49A05550C9}.Debug|Any CPU.Build.0 = Debug|Any CPU
		{B9F04F75-29C5-4608-814F-AC49A05550C9}.Release|Any CPU.ActiveCfg = Release|Any CPU
		{B9F04F75-29C5-4608-814F-AC49A05550C9}.Release|Any CPU.Build.0 = Release|Any CPU
	EndGlobalSection
	GlobalSection(SolutionProperties) = preSolution
		HideSolutionNode = FALSE
	EndGlobalSection
EndGlobal
